// !$*UTF8*$!
{
	archiveVersion = 1;
	classes = {
	};
	objectVersion = 46;
	objects = {

/* Begin PBXBuildFile section */
		415E58E4B38A7002202FEE60 /* Pods_Diuit_Chat.framework in Frameworks */ = {isa = PBXBuildFile; fileRef = A858FB55BFAB3214C419BF11 /* Pods_Diuit_Chat.framework */; };
		FA04E7291CB6AA0E001F847F /* AppDelegate.swift in Sources */ = {isa = PBXBuildFile; fileRef = FA04E7281CB6AA0E001F847F /* AppDelegate.swift */; };
		FA04E7301CB6AA0E001F847F /* Assets.xcassets in Resources */ = {isa = PBXBuildFile; fileRef = FA04E72F1CB6AA0E001F847F /* Assets.xcassets */; };
		FA04E7331CB6AA0E001F847F /* LaunchScreen.storyboard in Resources */ = {isa = PBXBuildFile; fileRef = FA04E7311CB6AA0E001F847F /* LaunchScreen.storyboard */; };
		FA04E73E1CB6AA0F001F847F /* Diuit_ChatTests.swift in Sources */ = {isa = PBXBuildFile; fileRef = FA04E73D1CB6AA0F001F847F /* Diuit_ChatTests.swift */; };
		FA04E74A1CB6AA98001F847F /* Main.storyboard in Resources */ = {isa = PBXBuildFile; fileRef = FA04E7491CB6AA98001F847F /* Main.storyboard */; };
		FA04E7521CB6AABD001F847F /* LoginVC.swift in Sources */ = {isa = PBXBuildFile; fileRef = FA04E74B1CB6AABD001F847F /* LoginVC.swift */; };
		FA04E7541CB6AABD001F847F /* ChatroomListVC.swift in Sources */ = {isa = PBXBuildFile; fileRef = FA04E74D1CB6AABD001F847F /* ChatroomListVC.swift */; };
		FA04E7551CB6AABD001F847F /* ChatroomSettingVC.swift in Sources */ = {isa = PBXBuildFile; fileRef = FA04E74E1CB6AABD001F847F /* ChatroomSettingVC.swift */; };
		FA04E7561CB6AABD001F847F /* ChooserUserVC.swift in Sources */ = {isa = PBXBuildFile; fileRef = FA04E74F1CB6AABD001F847F /* ChooserUserVC.swift */; };
		FA04E7571CB6AABD001F847F /* User.swift in Sources */ = {isa = PBXBuildFile; fileRef = FA04E7501CB6AABD001F847F /* User.swift */; };
		FA04E7581CB6AABD001F847F /* Utility.swift in Sources */ = {isa = PBXBuildFile; fileRef = FA04E7511CB6AABD001F847F /* Utility.swift */; };
		FA80BE941CB94543006FDC71 /* ChatMessagesVC.swift in Sources */ = {isa = PBXBuildFile; fileRef = FA80BE931CB94543006FDC71 /* ChatMessagesVC.swift */; };
		FA80BE971CB94607006FDC71 /* Message.swift in Sources */ = {isa = PBXBuildFile; fileRef = FA80BE961CB94607006FDC71 /* Message.swift */; };
/* End PBXBuildFile section */

/* Begin PBXContainerItemProxy section */
		FA04E73A1CB6AA0F001F847F /* PBXContainerItemProxy */ = {
			isa = PBXContainerItemProxy;
			containerPortal = FA04E71D1CB6AA0E001F847F /* Project object */;
			proxyType = 1;
			remoteGlobalIDString = FA04E7241CB6AA0E001F847F;
			remoteInfo = "Diuit Chat";
		};
/* End PBXContainerItemProxy section */

/* Begin PBXFileReference section */
		2857D2F89FEF2C6F7692035A /* Pods-Diuit Chat.debug.xcconfig */ = {isa = PBXFileReference; includeInIndex = 1; lastKnownFileType = text.xcconfig; name = "Pods-Diuit Chat.debug.xcconfig"; path = "Pods/Target Support Files/Pods-Diuit Chat/Pods-Diuit Chat.debug.xcconfig"; sourceTree = "<group>"; };
		5F40D2DAE3ADAD66B51CA175 /* Pods-Diuit Chat.release.xcconfig */ = {isa = PBXFileReference; includeInIndex = 1; lastKnownFileType = text.xcconfig; name = "Pods-Diuit Chat.release.xcconfig"; path = "Pods/Target Support Files/Pods-Diuit Chat/Pods-Diuit Chat.release.xcconfig"; sourceTree = "<group>"; };
		A858FB55BFAB3214C419BF11 /* Pods_Diuit_Chat.framework */ = {isa = PBXFileReference; explicitFileType = wrapper.framework; includeInIndex = 0; path = Pods_Diuit_Chat.framework; sourceTree = BUILT_PRODUCTS_DIR; };
		FA04E7251CB6AA0E001F847F /* Diuit Chat.app */ = {isa = PBXFileReference; explicitFileType = wrapper.application; includeInIndex = 0; path = "Diuit Chat.app"; sourceTree = BUILT_PRODUCTS_DIR; };
		FA04E7281CB6AA0E001F847F /* AppDelegate.swift */ = {isa = PBXFileReference; lastKnownFileType = sourcecode.swift; path = AppDelegate.swift; sourceTree = "<group>"; };
		FA04E72F1CB6AA0E001F847F /* Assets.xcassets */ = {isa = PBXFileReference; lastKnownFileType = folder.assetcatalog; path = Assets.xcassets; sourceTree = "<group>"; };
		FA04E7321CB6AA0E001F847F /* Base */ = {isa = PBXFileReference; lastKnownFileType = file.storyboard; name = Base; path = Base.lproj/LaunchScreen.storyboard; sourceTree = "<group>"; };
		FA04E7341CB6AA0E001F847F /* Info.plist */ = {isa = PBXFileReference; lastKnownFileType = text.plist.xml; path = Info.plist; sourceTree = "<group>"; };
		FA04E7391CB6AA0F001F847F /* Diuit ChatTests.xctest */ = {isa = PBXFileReference; explicitFileType = wrapper.cfbundle; includeInIndex = 0; path = "Diuit ChatTests.xctest"; sourceTree = BUILT_PRODUCTS_DIR; };
		FA04E73D1CB6AA0F001F847F /* Diuit_ChatTests.swift */ = {isa = PBXFileReference; lastKnownFileType = sourcecode.swift; path = Diuit_ChatTests.swift; sourceTree = "<group>"; };
		FA04E73F1CB6AA0F001F847F /* Info.plist */ = {isa = PBXFileReference; lastKnownFileType = text.plist.xml; path = Info.plist; sourceTree = "<group>"; };
		FA04E7491CB6AA98001F847F /* Main.storyboard */ = {isa = PBXFileReference; fileEncoding = 4; lastKnownFileType = file.storyboard; path = Main.storyboard; sourceTree = "<group>"; };
		FA04E74B1CB6AABD001F847F /* LoginVC.swift */ = {isa = PBXFileReference; fileEncoding = 4; lastKnownFileType = sourcecode.swift; path = LoginVC.swift; sourceTree = "<group>"; };
		FA04E74D1CB6AABD001F847F /* ChatroomListVC.swift */ = {isa = PBXFileReference; fileEncoding = 4; lastKnownFileType = sourcecode.swift; path = ChatroomListVC.swift; sourceTree = "<group>"; };
		FA04E74E1CB6AABD001F847F /* ChatroomSettingVC.swift */ = {isa = PBXFileReference; fileEncoding = 4; lastKnownFileType = sourcecode.swift; path = ChatroomSettingVC.swift; sourceTree = "<group>"; };
		FA04E74F1CB6AABD001F847F /* ChooserUserVC.swift */ = {isa = PBXFileReference; fileEncoding = 4; lastKnownFileType = sourcecode.swift; path = ChooserUserVC.swift; sourceTree = "<group>"; };
		FA04E7501CB6AABD001F847F /* User.swift */ = {isa = PBXFileReference; fileEncoding = 4; lastKnownFileType = sourcecode.swift; path = User.swift; sourceTree = "<group>"; };
		FA04E7511CB6AABD001F847F /* Utility.swift */ = {isa = PBXFileReference; fileEncoding = 4; lastKnownFileType = sourcecode.swift; path = Utility.swift; sourceTree = "<group>"; };
		FA80BE931CB94543006FDC71 /* ChatMessagesVC.swift */ = {isa = PBXFileReference; fileEncoding = 4; lastKnownFileType = sourcecode.swift; path = ChatMessagesVC.swift; sourceTree = "<group>"; };
		FA80BE961CB94607006FDC71 /* Message.swift */ = {isa = PBXFileReference; fileEncoding = 4; lastKnownFileType = sourcecode.swift; path = Message.swift; sourceTree = "<group>"; };
/* End PBXFileReference section */

/* Begin PBXFrameworksBuildPhase section */
		FA04E7221CB6AA0E001F847F /* Frameworks */ = {
			isa = PBXFrameworksBuildPhase;
			buildActionMask = 2147483647;
			files = (
				415E58E4B38A7002202FEE60 /* Pods_Diuit_Chat.framework in Frameworks */,
			);
			runOnlyForDeploymentPostprocessing = 0;
		};
		FA04E7361CB6AA0F001F847F /* Frameworks */ = {
			isa = PBXFrameworksBuildPhase;
			buildActionMask = 2147483647;
			files = (
			);
			runOnlyForDeploymentPostprocessing = 0;
		};
/* End PBXFrameworksBuildPhase section */

/* Begin PBXGroup section */
		624C757A730750ABA6098273 /* Pods */ = {
			isa = PBXGroup;
			children = (
				2857D2F89FEF2C6F7692035A /* Pods-Diuit Chat.debug.xcconfig */,
				5F40D2DAE3ADAD66B51CA175 /* Pods-Diuit Chat.release.xcconfig */,
			);
			name = Pods;
			sourceTree = "<group>";
		};
		69610ED904FC5FAB05D32D43 /* Frameworks */ = {
			isa = PBXGroup;
			children = (
				A858FB55BFAB3214C419BF11 /* Pods_Diuit_Chat.framework */,
			);
			name = Frameworks;
			sourceTree = "<group>";
		};
		FA04E71C1CB6AA0E001F847F = {
			isa = PBXGroup;
			children = (
				FA04E7271CB6AA0E001F847F /* Diuit Chat */,
				FA04E73C1CB6AA0F001F847F /* Diuit ChatTests */,
				FA04E7261CB6AA0E001F847F /* Products */,
				624C757A730750ABA6098273 /* Pods */,
				69610ED904FC5FAB05D32D43 /* Frameworks */,
			);
			sourceTree = "<group>";
		};
		FA04E7261CB6AA0E001F847F /* Products */ = {
			isa = PBXGroup;
			children = (
				FA04E7251CB6AA0E001F847F /* Diuit Chat.app */,
				FA04E7391CB6AA0F001F847F /* Diuit ChatTests.xctest */,
			);
			name = Products;
			sourceTree = "<group>";
		};
		FA04E7271CB6AA0E001F847F /* Diuit Chat */ = {
			isa = PBXGroup;
			children = (
				FA04E7481CB6AA72001F847F /* Resources */,
				FA04E7281CB6AA0E001F847F /* AppDelegate.swift */,
				FA04E7341CB6AA0E001F847F /* Info.plist */,
				FA04E74B1CB6AABD001F847F /* LoginVC.swift */,
				FA04E74D1CB6AABD001F847F /* ChatroomListVC.swift */,
				FA04E74E1CB6AABD001F847F /* ChatroomSettingVC.swift */,
				FA04E74F1CB6AABD001F847F /* ChooserUserVC.swift */,
				FA04E7501CB6AABD001F847F /* User.swift */,
				FA04E7511CB6AABD001F847F /* Utility.swift */,
				FA80BE961CB94607006FDC71 /* Message.swift */,
				FA80BE931CB94543006FDC71 /* ChatMessagesVC.swift */,
			);
			path = "Diuit Chat";
			sourceTree = "<group>";
		};
		FA04E73C1CB6AA0F001F847F /* Diuit ChatTests */ = {
			isa = PBXGroup;
			children = (
				FA04E73D1CB6AA0F001F847F /* Diuit_ChatTests.swift */,
				FA04E73F1CB6AA0F001F847F /* Info.plist */,
			);
			path = "Diuit ChatTests";
			sourceTree = "<group>";
		};
		FA04E7481CB6AA72001F847F /* Resources */ = {
			isa = PBXGroup;
			children = (
				FA04E7491CB6AA98001F847F /* Main.storyboard */,
				FA04E72F1CB6AA0E001F847F /* Assets.xcassets */,
				FA04E7311CB6AA0E001F847F /* LaunchScreen.storyboard */,
			);
			name = Resources;
			sourceTree = "<group>";
		};
/* End PBXGroup section */

/* Begin PBXNativeTarget section */
		FA04E7241CB6AA0E001F847F /* Diuit Chat */ = {
			isa = PBXNativeTarget;
			buildConfigurationList = FA04E7421CB6AA0F001F847F /* Build configuration list for PBXNativeTarget "Diuit Chat" */;
			buildPhases = (
				91E4FFFD626D47F32A997E11 /* Check Pods Manifest.lock */,
				FA04E7211CB6AA0E001F847F /* Sources */,
				FA04E7221CB6AA0E001F847F /* Frameworks */,
				FA04E7231CB6AA0E001F847F /* Resources */,
				85A53CC40558BE1FAE530179 /* Embed Pods Frameworks */,
				3B7E08659019D1EF1E246A30 /* Copy Pods Resources */,
			);
			buildRules = (
			);
			dependencies = (
			);
			name = "Diuit Chat";
			productName = "Diuit Chat";
			productReference = FA04E7251CB6AA0E001F847F /* Diuit Chat.app */;
			productType = "com.apple.product-type.application";
		};
		FA04E7381CB6AA0F001F847F /* Diuit ChatTests */ = {
			isa = PBXNativeTarget;
			buildConfigurationList = FA04E7451CB6AA0F001F847F /* Build configuration list for PBXNativeTarget "Diuit ChatTests" */;
			buildPhases = (
				FA04E7351CB6AA0F001F847F /* Sources */,
				FA04E7361CB6AA0F001F847F /* Frameworks */,
				FA04E7371CB6AA0F001F847F /* Resources */,
			);
			buildRules = (
			);
			dependencies = (
				FA04E73B1CB6AA0F001F847F /* PBXTargetDependency */,
			);
			name = "Diuit ChatTests";
			productName = "Diuit ChatTests";
			productReference = FA04E7391CB6AA0F001F847F /* Diuit ChatTests.xctest */;
			productType = "com.apple.product-type.bundle.unit-test";
		};
/* End PBXNativeTarget section */

/* Begin PBXProject section */
		FA04E71D1CB6AA0E001F847F /* Project object */ = {
			isa = PBXProject;
			attributes = {
				LastSwiftUpdateCheck = 0730;
				LastUpgradeCheck = 0730;
				ORGANIZATIONNAME = duolC;
				TargetAttributes = {
					FA04E7241CB6AA0E001F847F = {
						CreatedOnToolsVersion = 7.3;
					};
					FA04E7381CB6AA0F001F847F = {
						CreatedOnToolsVersion = 7.3;
						TestTargetID = FA04E7241CB6AA0E001F847F;
					};
				};
			};
			buildConfigurationList = FA04E7201CB6AA0E001F847F /* Build configuration list for PBXProject "Diuit Chat" */;
			compatibilityVersion = "Xcode 3.2";
			developmentRegion = English;
			hasScannedForEncodings = 0;
			knownRegions = (
				en,
				Base,
			);
			mainGroup = FA04E71C1CB6AA0E001F847F;
			productRefGroup = FA04E7261CB6AA0E001F847F /* Products */;
			projectDirPath = "";
			projectRoot = "";
			targets = (
				FA04E7241CB6AA0E001F847F /* Diuit Chat */,
				FA04E7381CB6AA0F001F847F /* Diuit ChatTests */,
			);
		};
/* End PBXProject section */

/* Begin PBXResourcesBuildPhase section */
		FA04E7231CB6AA0E001F847F /* Resources */ = {
			isa = PBXResourcesBuildPhase;
			buildActionMask = 2147483647;
			files = (
				FA04E7331CB6AA0E001F847F /* LaunchScreen.storyboard in Resources */,
				FA04E7301CB6AA0E001F847F /* Assets.xcassets in Resources */,
				FA04E74A1CB6AA98001F847F /* Main.storyboard in Resources */,
			);
			runOnlyForDeploymentPostprocessing = 0;
		};
		FA04E7371CB6AA0F001F847F /* Resources */ = {
			isa = PBXResourcesBuildPhase;
			buildActionMask = 2147483647;
			files = (
			);
			runOnlyForDeploymentPostprocessing = 0;
		};
/* End PBXResourcesBuildPhase section */

/* Begin PBXShellScriptBuildPhase section */
		3B7E08659019D1EF1E246A30 /* Copy Pods Resources */ = {
			isa = PBXShellScriptBuildPhase;
			buildActionMask = 2147483647;
			files = (
			);
			inputPaths = (
			);
			name = "Copy Pods Resources";
			outputPaths = (
			);
			runOnlyForDeploymentPostprocessing = 0;
			shellPath = /bin/sh;
			shellScript = "\"${SRCROOT}/Pods/Target Support Files/Pods-Diuit Chat/Pods-Diuit Chat-resources.sh\"\n";
			showEnvVarsInLog = 0;
		};
		85A53CC40558BE1FAE530179 /* Embed Pods Frameworks */ = {
			isa = PBXShellScriptBuildPhase;
			buildActionMask = 2147483647;
			files = (
			);
			inputPaths = (
			);
			name = "Embed Pods Frameworks";
			outputPaths = (
			);
			runOnlyForDeploymentPostprocessing = 0;
			shellPath = /bin/sh;
			shellScript = "\"${SRCROOT}/Pods/Target Support Files/Pods-Diuit Chat/Pods-Diuit Chat-frameworks.sh\"\n";
			showEnvVarsInLog = 0;
		};
		91E4FFFD626D47F32A997E11 /* Check Pods Manifest.lock */ = {
			isa = PBXShellScriptBuildPhase;
			buildActionMask = 2147483647;
			files = (
			);
			inputPaths = (
			);
			name = "Check Pods Manifest.lock";
			outputPaths = (
			);
			runOnlyForDeploymentPostprocessing = 0;
			shellPath = /bin/sh;
			shellScript = "diff \"${PODS_ROOT}/../Podfile.lock\" \"${PODS_ROOT}/Manifest.lock\" > /dev/null\nif [[ $? != 0 ]] ; then\n    cat << EOM\nerror: The sandbox is not in sync with the Podfile.lock. Run 'pod install' or update your CocoaPods installation.\nEOM\n    exit 1\nfi\n";
			showEnvVarsInLog = 0;
		};
/* End PBXShellScriptBuildPhase section */

/* Begin PBXSourcesBuildPhase section */
		FA04E7211CB6AA0E001F847F /* Sources */ = {
			isa = PBXSourcesBuildPhase;
			buildActionMask = 2147483647;
			files = (
				FA80BE941CB94543006FDC71 /* ChatMessagesVC.swift in Sources */,
				FA04E7521CB6AABD001F847F /* LoginVC.swift in Sources */,
				FA04E7561CB6AABD001F847F /* ChooserUserVC.swift in Sources */,
				FA04E7541CB6AABD001F847F /* ChatroomListVC.swift in Sources */,
				FA04E7551CB6AABD001F847F /* ChatroomSettingVC.swift in Sources */,
				FA04E7581CB6AABD001F847F /* Utility.swift in Sources */,
				FA80BE971CB94607006FDC71 /* Message.swift in Sources */,
				FA04E7291CB6AA0E001F847F /* AppDelegate.swift in Sources */,
				FA04E7571CB6AABD001F847F /* User.swift in Sources */,
			);
			runOnlyForDeploymentPostprocessing = 0;
		};
		FA04E7351CB6AA0F001F847F /* Sources */ = {
			isa = PBXSourcesBuildPhase;
			buildActionMask = 2147483647;
			files = (
				FA04E73E1CB6AA0F001F847F /* Diuit_ChatTests.swift in Sources */,
			);
			runOnlyForDeploymentPostprocessing = 0;
		};
/* End PBXSourcesBuildPhase section */

/* Begin PBXTargetDependency section */
		FA04E73B1CB6AA0F001F847F /* PBXTargetDependency */ = {
			isa = PBXTargetDependency;
			target = FA04E7241CB6AA0E001F847F /* Diuit Chat */;
			targetProxy = FA04E73A1CB6AA0F001F847F /* PBXContainerItemProxy */;
		};
/* End PBXTargetDependency section */

/* Begin PBXVariantGroup section */
		FA04E7311CB6AA0E001F847F /* LaunchScreen.storyboard */ = {
			isa = PBXVariantGroup;
			children = (
				FA04E7321CB6AA0E001F847F /* Base */,
			);
			name = LaunchScreen.storyboard;
			sourceTree = "<group>";
		};
/* End PBXVariantGroup section */

/* Begin XCBuildConfiguration section */
		FA04E7401CB6AA0F001F847F /* Debug */ = {
			isa = XCBuildConfiguration;
			buildSettings = {
				ALWAYS_SEARCH_USER_PATHS = NO;
				CLANG_ANALYZER_NONNULL = YES;
				CLANG_CXX_LANGUAGE_STANDARD = "gnu++0x";
				CLANG_CXX_LIBRARY = "libc++";
				CLANG_ENABLE_MODULES = YES;
				CLANG_ENABLE_OBJC_ARC = YES;
				CLANG_WARN_BOOL_CONVERSION = YES;
				CLANG_WARN_CONSTANT_CONVERSION = YES;
				CLANG_WARN_DIRECT_OBJC_ISA_USAGE = YES_ERROR;
				CLANG_WARN_EMPTY_BODY = YES;
				CLANG_WARN_ENUM_CONVERSION = YES;
				CLANG_WARN_INT_CONVERSION = YES;
				CLANG_WARN_OBJC_ROOT_CLASS = YES_ERROR;
				CLANG_WARN_UNREACHABLE_CODE = YES;
				CLANG_WARN__DUPLICATE_METHOD_MATCH = YES;
				"CODE_SIGN_IDENTITY[sdk=iphoneos*]" = "iPhone Developer";
				COPY_PHASE_STRIP = NO;
				DEBUG_INFORMATION_FORMAT = dwarf;
				ENABLE_STRICT_OBJC_MSGSEND = YES;
				ENABLE_TESTABILITY = YES;
				GCC_C_LANGUAGE_STANDARD = gnu99;
				GCC_DYNAMIC_NO_PIC = NO;
				GCC_NO_COMMON_BLOCKS = YES;
				GCC_OPTIMIZATION_LEVEL = 0;
				GCC_PREPROCESSOR_DEFINITIONS = (
					"DEBUG=1",
					"$(inherited)",
				);
				GCC_WARN_64_TO_32_BIT_CONVERSION = YES;
				GCC_WARN_ABOUT_RETURN_TYPE = YES_ERROR;
				GCC_WARN_UNDECLARED_SELECTOR = YES;
				GCC_WARN_UNINITIALIZED_AUTOS = YES_AGGRESSIVE;
				GCC_WARN_UNUSED_FUNCTION = YES;
				GCC_WARN_UNUSED_VARIABLE = YES;
				IPHONEOS_DEPLOYMENT_TARGET = 9.3;
				MTL_ENABLE_DEBUG_INFO = YES;
				ONLY_ACTIVE_ARCH = YES;
				SDKROOT = iphoneos;
				SWIFT_OPTIMIZATION_LEVEL = "-Onone";
			};
			name = Debug;
		};
		FA04E7411CB6AA0F001F847F /* Release */ = {
			isa = XCBuildConfiguration;
			buildSettings = {
				ALWAYS_SEARCH_USER_PATHS = NO;
				CLANG_ANALYZER_NONNULL = YES;
				CLANG_CXX_LANGUAGE_STANDARD = "gnu++0x";
				CLANG_CXX_LIBRARY = "libc++";
				CLANG_ENABLE_MODULES = YES;
				CLANG_ENABLE_OBJC_ARC = YES;
				CLANG_WARN_BOOL_CONVERSION = YES;
				CLANG_WARN_CONSTANT_CONVERSION = YES;
				CLANG_WARN_DIRECT_OBJC_ISA_USAGE = YES_ERROR;
				CLANG_WARN_EMPTY_BODY = YES;
				CLANG_WARN_ENUM_CONVERSION = YES;
				CLANG_WARN_INT_CONVERSION = YES;
				CLANG_WARN_OBJC_ROOT_CLASS = YES_ERROR;
				CLANG_WARN_UNREACHABLE_CODE = YES;
				CLANG_WARN__DUPLICATE_METHOD_MATCH = YES;
				"CODE_SIGN_IDENTITY[sdk=iphoneos*]" = "iPhone Developer";
				COPY_PHASE_STRIP = NO;
				DEBUG_INFORMATION_FORMAT = "dwarf-with-dsym";
				ENABLE_NS_ASSERTIONS = NO;
				ENABLE_STRICT_OBJC_MSGSEND = YES;
				GCC_C_LANGUAGE_STANDARD = gnu99;
				GCC_NO_COMMON_BLOCKS = YES;
				GCC_WARN_64_TO_32_BIT_CONVERSION = YES;
				GCC_WARN_ABOUT_RETURN_TYPE = YES_ERROR;
				GCC_WARN_UNDECLARED_SELECTOR = YES;
				GCC_WARN_UNINITIALIZED_AUTOS = YES_AGGRESSIVE;
				GCC_WARN_UNUSED_FUNCTION = YES;
				GCC_WARN_UNUSED_VARIABLE = YES;
				IPHONEOS_DEPLOYMENT_TARGET = 9.3;
				MTL_ENABLE_DEBUG_INFO = NO;
				SDKROOT = iphoneos;
				VALIDATE_PRODUCT = YES;
			};
			name = Release;
		};
		FA04E7431CB6AA0F001F847F /* Debug */ = {
			isa = XCBuildConfiguration;
			baseConfigurationReference = 2857D2F89FEF2C6F7692035A /* Pods-Diuit Chat.debug.xcconfig */;
			buildSettings = {
				ASSETCATALOG_COMPILER_APPICON_NAME = AppIcon;
				INFOPLIST_FILE = "Diuit Chat/Info.plist";
				LD_RUNPATH_SEARCH_PATHS = "$(inherited) @executable_path/Frameworks";
				PRODUCT_BUNDLE_IDENTIFIER = com.duolc.diuitchat;
				PRODUCT_NAME = "$(TARGET_NAME)";
			};
			name = Debug;
		};
		FA04E7441CB6AA0F001F847F /* Release */ = {
			isa = XCBuildConfiguration;
			baseConfigurationReference = 5F40D2DAE3ADAD66B51CA175 /* Pods-Diuit Chat.release.xcconfig */;
			buildSettings = {
				ASSETCATALOG_COMPILER_APPICON_NAME = AppIcon;
				INFOPLIST_FILE = "Diuit Chat/Info.plist";
				LD_RUNPATH_SEARCH_PATHS = "$(inherited) @executable_path/Frameworks";
				PRODUCT_BUNDLE_IDENTIFIER = com.duolc.diuitchat;
				PRODUCT_NAME = "$(TARGET_NAME)";
			};
			name = Release;
		};
		FA04E7461CB6AA0F001F847F /* Debug */ = {
			isa = XCBuildConfiguration;
			buildSettings = {
				BUNDLE_LOADER = "$(TEST_HOST)";
				INFOPLIST_FILE = "Diuit ChatTests/Info.plist";
				LD_RUNPATH_SEARCH_PATHS = "$(inherited) @executable_path/Frameworks @loader_path/Frameworks";
				PRODUCT_BUNDLE_IDENTIFIER = "com.duolc.Diuit-ChatTests";
				PRODUCT_NAME = "$(TARGET_NAME)";
				TEST_HOST = "$(BUILT_PRODUCTS_DIR)/Diuit Chat.app/Diuit Chat";
			};
			name = Debug;
		};
		FA04E7471CB6AA0F001F847F /* Release */ = {
			isa = XCBuildConfiguration;
			buildSettings = {
				BUNDLE_LOADER = "$(TEST_HOST)";
				INFOPLIST_FILE = "Diuit ChatTests/Info.plist";
				LD_RUNPATH_SEARCH_PATHS = "$(inherited) @executable_path/Frameworks @loader_path/Frameworks";
				PRODUCT_BUNDLE_IDENTIFIER = "com.duolc.Diuit-ChatTests";
				PRODUCT_NAME = "$(TARGET_NAME)";
				TEST_HOST = "$(BUILT_PRODUCTS_DIR)/Diuit Chat.app/Diuit Chat";
			};
			name = Release;
		};
/* End XCBuildConfiguration section */

/* Begin XCConfigurationList section */
		FA04E7201CB6AA0E001F847F /* Build configuration list for PBXProject "Diuit Chat" */ = {
			isa = XCConfigurationList;
			buildConfigurations = (
				FA04E7401CB6AA0F001F847F /* Debug */,
				FA04E7411CB6AA0F001F847F /* Release */,
			);
			defaultConfigurationIsVisible = 0;
			defaultConfigurationName = Release;
		};
		FA04E7421CB6AA0F001F847F /* Build configuration list for PBXNativeTarget "Diuit Chat" */ = {
			isa = XCConfigurationList;
			buildConfigurations = (
				FA04E7431CB6AA0F001F847F /* Debug */,
				FA04E7441CB6AA0F001F847F /* Release */,
			);
			defaultConfigurationIsVisible = 0;
			defaultConfigurationName = Release;
		};
		FA04E7451CB6AA0F001F847F /* Build configuration list for PBXNativeTarget "Diuit ChatTests" */ = {
			isa = XCConfigurationList;
			buildConfigurations = (
				FA04E7461CB6AA0F001F847F /* Debug */,
				FA04E7471CB6AA0F001F847F /* Release */,
			);
			defaultConfigurationIsVisible = 0;
			defaultConfigurationName = Release;
		};
/* End XCConfigurationList section */
	};
	rootObject = FA04E71D1CB6AA0E001F847F /* Project object */;
}
